// !$*UTF8*$!
{
	archiveVersion = 1;
	classes = {
	};
	objectVersion = 50;
	objects = {

/* Begin PBXBuildFile section */
		2FA098062235B767003FADE8 /* AppDelegate.swift in Sources */ = {isa = PBXBuildFile; fileRef = 2FA098052235B767003FADE8 /* AppDelegate.swift */; };
		2FA098082235B767003FADE8 /* ViewController.swift in Sources */ = {isa = PBXBuildFile; fileRef = 2FA098072235B767003FADE8 /* ViewController.swift */; };
		2FA0980B2235B767003FADE8 /* Main.storyboard in Resources */ = {isa = PBXBuildFile; fileRef = 2FA098092235B767003FADE8 /* Main.storyboard */; };
		2FA0980D2235B769003FADE8 /* Assets.xcassets in Resources */ = {isa = PBXBuildFile; fileRef = 2FA0980C2235B769003FADE8 /* Assets.xcassets */; };
		2FA098102235B769003FADE8 /* LaunchScreen.storyboard in Resources */ = {isa = PBXBuildFile; fileRef = 2FA0980E2235B769003FADE8 /* LaunchScreen.storyboard */; };
		2FA0981B2235B769003FADE8 /* MarioKartTests.swift in Sources */ = {isa = PBXBuildFile; fileRef = 2FA0981A2235B769003FADE8 /* MarioKartTests.swift */; };
		2FA098262235B769003FADE8 /* MarioKartUITests.swift in Sources */ = {isa = PBXBuildFile; fileRef = 2FA098252235B769003FADE8 /* MarioKartUITests.swift */; };
/* End PBXBuildFile section */

/* Begin PBXContainerItemProxy section */
		2FA098172235B769003FADE8 /* PBXContainerItemProxy */ = {
			isa = PBXContainerItemProxy;
			containerPortal = 2FA097FA2235B766003FADE8 /* Project object */;
			proxyType = 1;
			remoteGlobalIDString = 2FA098012235B766003FADE8;
			remoteInfo = MarioKart;
		};
		2FA098222235B769003FADE8 /* PBXContainerItemProxy */ = {
			isa = PBXContainerItemProxy;
			containerPortal = 2FA097FA2235B766003FADE8 /* Project object */;
			proxyType = 1;
			remoteGlobalIDString = 2FA098012235B766003FADE8;
			remoteInfo = MarioKart;
		};
/* End PBXContainerItemProxy section */

/* Begin PBXFileReference section */
		2FA098022235B767003FADE8 /* MarioKart.app */ = {isa = PBXFileReference; explicitFileType = wrapper.application; includeInIndex = 0; path = MarioKart.app; sourceTree = BUILT_PRODUCTS_DIR; };
		2FA098052235B767003FADE8 /* AppDelegate.swift */ = {isa = PBXFileReference; lastKnownFileType = sourcecode.swift; path = AppDelegate.swift; sourceTree = "<group>"; };
		2FA098072235B767003FADE8 /* ViewController.swift */ = {isa = PBXFileReference; lastKnownFileType = sourcecode.swift; path = ViewController.swift; sourceTree = "<group>"; };
		2FA0980A2235B767003FADE8 /* Base */ = {isa = PBXFileReference; lastKnownFileType = file.storyboard; name = Base; path = Base.lproj/Main.storyboard; sourceTree = "<group>"; };
		2FA0980C2235B769003FADE8 /* Assets.xcassets */ = {isa = PBXFileReference; lastKnownFileType = folder.assetcatalog; path = Assets.xcassets; sourceTree = "<group>"; };
		2FA0980F2235B769003FADE8 /* Base */ = {isa = PBXFileReference; lastKnownFileType = file.storyboard; name = Base; path = Base.lproj/LaunchScreen.storyboard; sourceTree = "<group>"; };
		2FA098112235B769003FADE8 /* Info.plist */ = {isa = PBXFileReference; lastKnownFileType = text.plist.xml; path = Info.plist; sourceTree = "<group>"; };
		2FA098162235B769003FADE8 /* MarioKartTests.xctest */ = {isa = PBXFileReference; explicitFileType = wrapper.cfbundle; includeInIndex = 0; path = MarioKartTests.xctest; sourceTree = BUILT_PRODUCTS_DIR; };
		2FA0981A2235B769003FADE8 /* MarioKartTests.swift */ = {isa = PBXFileReference; lastKnownFileType = sourcecode.swift; path = MarioKartTests.swift; sourceTree = "<group>"; };
		2FA0981C2235B769003FADE8 /* Info.plist */ = {isa = PBXFileReference; lastKnownFileType = text.plist.xml; path = Info.plist; sourceTree = "<group>"; };
		2FA098212235B769003FADE8 /* MarioKartUITests.xctest */ = {isa = PBXFileReference; explicitFileType = wrapper.cfbundle; includeInIndex = 0; path = MarioKartUITests.xctest; sourceTree = BUILT_PRODUCTS_DIR; };
		2FA098252235B769003FADE8 /* MarioKartUITests.swift */ = {isa = PBXFileReference; lastKnownFileType = sourcecode.swift; path = MarioKartUITests.swift; sourceTree = "<group>"; };
		2FA098272235B769003FADE8 /* Info.plist */ = {isa = PBXFileReference; lastKnownFileType = text.plist.xml; path = Info.plist; sourceTree = "<group>"; };
/* End PBXFileReference section */

/* Begin PBXFrameworksBuildPhase section */
		2FA097FF2235B766003FADE8 /* Frameworks */ = {
			isa = PBXFrameworksBuildPhase;
			buildActionMask = 2147483647;
			files = (
			);
			runOnlyForDeploymentPostprocessing = 0;
		};
		2FA098132235B769003FADE8 /* Frameworks */ = {
			isa = PBXFrameworksBuildPhase;
			buildActionMask = 2147483647;
			files = (
			);
			runOnlyForDeploymentPostprocessing = 0;
		};
		2FA0981E2235B769003FADE8 /* Frameworks */ = {
			isa = PBXFrameworksBuildPhase;
			buildActionMask = 2147483647;
			files = (
			);
			runOnlyForDeploymentPostprocessing = 0;
		};
/* End PBXFrameworksBuildPhase section */

/* Begin PBXGroup section */
		2FA097F92235B766003FADE8 = {
			isa = PBXGroup;
			children = (
				2FA098042235B767003FADE8 /* MarioKart */,
				2FA098192235B769003FADE8 /* MarioKartTests */,
				2FA098242235B769003FADE8 /* MarioKartUITests */,
				2FA098032235B767003FADE8 /* Products */,
			);
			sourceTree = "<group>";
		};
		2FA098032235B767003FADE8 /* Products */ = {
			isa = PBXGroup;
			children = (
				2FA098022235B767003FADE8 /* MarioKart.app */,
				2FA098162235B769003FADE8 /* MarioKartTests.xctest */,
				2FA098212235B769003FADE8 /* MarioKartUITests.xctest */,
			);
			name = Products;
			sourceTree = "<group>";
		};
		2FA098042235B767003FADE8 /* MarioKart */ = {
			isa = PBXGroup;
			children = (
				2FA098052235B767003FADE8 /* AppDelegate.swift */,
				2FA098072235B767003FADE8 /* ViewController.swift */,
				2FA098092235B767003FADE8 /* Main.storyboard */,
				2FA0980C2235B769003FADE8 /* Assets.xcassets */,
				2FA0980E2235B769003FADE8 /* LaunchScreen.storyboard */,
				2FA098112235B769003FADE8 /* Info.plist */,
			);
			path = MarioKart;
			sourceTree = "<group>";
		};
		2FA098192235B769003FADE8 /* MarioKartTests */ = {
			isa = PBXGroup;
			children = (
				2FA0981A2235B769003FADE8 /* MarioKartTests.swift */,
				2FA0981C2235B769003FADE8 /* Info.plist */,
			);
			path = MarioKartTests;
			sourceTree = "<group>";
		};
		2FA098242235B769003FADE8 /* MarioKartUITests */ = {
			isa = PBXGroup;
			children = (
				2FA098252235B769003FADE8 /* MarioKartUITests.swift */,
				2FA098272235B769003FADE8 /* Info.plist */,
			);
			path = MarioKartUITests;
			sourceTree = "<group>";
		};
/* End PBXGroup section */

/* Begin PBXNativeTarget section */
		2FA098012235B766003FADE8 /* MarioKart */ = {
			isa = PBXNativeTarget;
			buildConfigurationList = 2FA0982A2235B769003FADE8 /* Build configuration list for PBXNativeTarget "MarioKart" */;
			buildPhases = (
				2FA097FE2235B766003FADE8 /* Sources */,
				2FA097FF2235B766003FADE8 /* Frameworks */,
				2FA098002235B766003FADE8 /* Resources */,
			);
			buildRules = (
			);
			dependencies = (
			);
			name = MarioKart;
			productName = MarioKart;
			productReference = 2FA098022235B767003FADE8 /* MarioKart.app */;
			productType = "com.apple.product-type.application";
		};
		2FA098152235B769003FADE8 /* MarioKartTests */ = {
			isa = PBXNativeTarget;
			buildConfigurationList = 2FA0982D2235B769003FADE8 /* Build configuration list for PBXNativeTarget "MarioKartTests" */;
			buildPhases = (
				2FA098122235B769003FADE8 /* Sources */,
				2FA098132235B769003FADE8 /* Frameworks */,
				2FA098142235B769003FADE8 /* Resources */,
			);
			buildRules = (
			);
			dependencies = (
				2FA098182235B769003FADE8 /* PBXTargetDependency */,
			);
			name = MarioKartTests;
			productName = MarioKartTests;
			productReference = 2FA098162235B769003FADE8 /* MarioKartTests.xctest */;
			productType = "com.apple.product-type.bundle.unit-test";
		};
		2FA098202235B769003FADE8 /* MarioKartUITests */ = {
			isa = PBXNativeTarget;
			buildConfigurationList = 2FA098302235B769003FADE8 /* Build configuration list for PBXNativeTarget "MarioKartUITests" */;
			buildPhases = (
				2FA0981D2235B769003FADE8 /* Sources */,
				2FA0981E2235B769003FADE8 /* Frameworks */,
				2FA0981F2235B769003FADE8 /* Resources */,
			);
			buildRules = (
			);
			dependencies = (
				2FA098232235B769003FADE8 /* PBXTargetDependency */,
			);
			name = MarioKartUITests;
			productName = MarioKartUITests;
			productReference = 2FA098212235B769003FADE8 /* MarioKartUITests.xctest */;
			productType = "com.apple.product-type.bundle.ui-testing";
		};
/* End PBXNativeTarget section */

/* Begin PBXProject section */
		2FA097FA2235B766003FADE8 /* Project object */ = {
			isa = PBXProject;
			attributes = {
				LastSwiftUpdateCheck = 1010;
				LastUpgradeCheck = 1010;
				ORGANIZATIONNAME = "Caitlyn Chau";
				TargetAttributes = {
					2FA098012235B766003FADE8 = {
						CreatedOnToolsVersion = 10.1;
					};
					2FA098152235B769003FADE8 = {
						CreatedOnToolsVersion = 10.1;
						TestTargetID = 2FA098012235B766003FADE8;
					};
					2FA098202235B769003FADE8 = {
						CreatedOnToolsVersion = 10.1;
						TestTargetID = 2FA098012235B766003FADE8;
					};
				};
			};
			buildConfigurationList = 2FA097FD2235B766003FADE8 /* Build configuration list for PBXProject "MarioKart" */;
			compatibilityVersion = "Xcode 9.3";
			developmentRegion = en;
			hasScannedForEncodings = 0;
			knownRegions = (
				en,
				Base,
			);
			mainGroup = 2FA097F92235B766003FADE8;
			productRefGroup = 2FA098032235B767003FADE8 /* Products */;
			projectDirPath = "";
			projectRoot = "";
			targets = (
				2FA098012235B766003FADE8 /* MarioKart */,
				2FA098152235B769003FADE8 /* MarioKartTests */,
				2FA098202235B769003FADE8 /* MarioKartUITests */,
			);
		};
/* End PBXProject section */

/* Begin PBXResourcesBuildPhase section */
		2FA098002235B766003FADE8 /* Resources */ = {
			isa = PBXResourcesBuildPhase;
			buildActionMask = 2147483647;
			files = (
				2FA098102235B769003FADE8 /* LaunchScreen.storyboard in Resources */,
				2FA0980D2235B769003FADE8 /* Assets.xcassets in Resources */,
				2FA0980B2235B767003FADE8 /* Main.storyboard in Resources */,
			);
			runOnlyForDeploymentPostprocessing = 0;
		};
		2FA098142235B769003FADE8 /* Resources */ = {
			isa = PBXResourcesBuildPhase;
			buildActionMask = 2147483647;
			files = (
			);
			runOnlyForDeploymentPostprocessing = 0;
		};
		2FA0981F2235B769003FADE8 /* Resources */ = {
			isa = PBXResourcesBuildPhase;
			buildActionMask = 2147483647;
			files = (
			);
			runOnlyForDeploymentPostprocessing = 0;
		};
/* End PBXResourcesBuildPhase section */

/* Begin PBXSourcesBuildPhase section */
		2FA097FE2235B766003FADE8 /* Sources */ = {
			isa = PBXSourcesBuildPhase;
			buildActionMask = 2147483647;
			files = (
				2FA098082235B767003FADE8 /* ViewController.swift in Sources */,
				2FA098062235B767003FADE8 /* AppDelegate.swift in Sources */,
			);
			runOnlyForDeploymentPostprocessing = 0;
		};
		2FA098122235B769003FADE8 /* Sources */ = {
			isa = PBXSourcesBuildPhase;
			buildActionMask = 2147483647;
			files = (
				2FA0981B2235B769003FADE8 /* MarioKartTests.swift in Sources */,
			);
			runOnlyForDeploymentPostprocessing = 0;
		};
		2FA0981D2235B769003FADE8 /* Sources */ = {
			isa = PBXSourcesBuildPhase;
			buildActionMask = 2147483647;
			files = (
				2FA098262235B769003FADE8 /* MarioKartUITests.swift in Sources */,
			);
			runOnlyForDeploymentPostprocessing = 0;
		};
/* End PBXSourcesBuildPhase section */

/* Begin PBXTargetDependency section */
		2FA098182235B769003FADE8 /* PBXTargetDependency */ = {
			isa = PBXTargetDependency;
			target = 2FA098012235B766003FADE8 /* MarioKart */;
			targetProxy = 2FA098172235B769003FADE8 /* PBXContainerItemProxy */;
		};
		2FA098232235B769003FADE8 /* PBXTargetDependency */ = {
			isa = PBXTargetDependency;
			target = 2FA098012235B766003FADE8 /* MarioKart */;
			targetProxy = 2FA098222235B769003FADE8 /* PBXContainerItemProxy */;
		};
/* End PBXTargetDependency section */

/* Begin PBXVariantGroup section */
		2FA098092235B767003FADE8 /* Main.storyboard */ = {
			isa = PBXVariantGroup;
			children = (
				2FA0980A2235B767003FADE8 /* Base */,
			);
			name = Main.storyboard;
			sourceTree = "<group>";
		};
		2FA0980E2235B769003FADE8 /* LaunchScreen.storyboard */ = {
			isa = PBXVariantGroup;
			children = (
				2FA0980F2235B769003FADE8 /* Base */,
			);
			name = LaunchScreen.storyboard;
			sourceTree = "<group>";
		};
/* End PBXVariantGroup section */

/* Begin XCBuildConfiguration section */
		2FA098282235B769003FADE8 /* Debug */ = {
			isa = XCBuildConfiguration;
			buildSettings = {
				ALWAYS_SEARCH_USER_PATHS = NO;
				CLANG_ANALYZER_NONNULL = YES;
				CLANG_ANALYZER_NUMBER_OBJECT_CONVERSION = YES_AGGRESSIVE;
				CLANG_CXX_LANGUAGE_STANDARD = "gnu++14";
				CLANG_CXX_LIBRARY = "libc++";
				CLANG_ENABLE_MODULES = YES;
				CLANG_ENABLE_OBJC_ARC = YES;
				CLANG_ENABLE_OBJC_WEAK = YES;
				CLANG_WARN_BLOCK_CAPTURE_AUTORELEASING = YES;
				CLANG_WARN_BOOL_CONVERSION = YES;
				CLANG_WARN_COMMA = YES;
				CLANG_WARN_CONSTANT_CONVERSION = YES;
				CLANG_WARN_DEPRECATED_OBJC_IMPLEMENTATIONS = YES;
				CLANG_WARN_DIRECT_OBJC_ISA_USAGE = YES_ERROR;
				CLANG_WARN_DOCUMENTATION_COMMENTS = YES;
				CLANG_WARN_EMPTY_BODY = YES;
				CLANG_WARN_ENUM_CONVERSION = YES;
				CLANG_WARN_INFINITE_RECURSION = YES;
				CLANG_WARN_INT_CONVERSION = YES;
				CLANG_WARN_NON_LITERAL_NULL_CONVERSION = YES;
				CLANG_WARN_OBJC_IMPLICIT_RETAIN_SELF = YES;
				CLANG_WARN_OBJC_LITERAL_CONVERSION = YES;
				CLANG_WARN_OBJC_ROOT_CLASS = YES_ERROR;
				CLANG_WARN_RANGE_LOOP_ANALYSIS = YES;
				CLANG_WARN_STRICT_PROTOTYPES = YES;
				CLANG_WARN_SUSPICIOUS_MOVE = YES;
				CLANG_WARN_UNGUARDED_AVAILABILITY = YES_AGGRESSIVE;
				CLANG_WARN_UNREACHABLE_CODE = YES;
				CLANG_WARN__DUPLICATE_METHOD_MATCH = YES;
				CODE_SIGN_IDENTITY = "iPhone Developer";
				COPY_PHASE_STRIP = NO;
				DEBUG_INFORMATION_FORMAT = dwarf;
				ENABLE_STRICT_OBJC_MSGSEND = YES;
				ENABLE_TESTABILITY = YES;
				GCC_C_LANGUAGE_STANDARD = gnu11;
				GCC_DYNAMIC_NO_PIC = NO;
				GCC_NO_COMMON_BLOCKS = YES;
				GCC_OPTIMIZATION_LEVEL = 0;
				GCC_PREPROCESSOR_DEFINITIONS = (
					"DEBUG=1",
					"$(inherited)",
				);
				GCC_WARN_64_TO_32_BIT_CONVERSION = YES;
				GCC_WARN_ABOUT_RETURN_TYPE = YES_ERROR;
				GCC_WARN_UNDECLARED_SELECTOR = YES;
				GCC_WARN_UNINITIALIZED_AUTOS = YES_AGGRESSIVE;
				GCC_WARN_UNUSED_FUNCTION = YES;
				GCC_WARN_UNUSED_VARIABLE = YES;
				IPHONEOS_DEPLOYMENT_TARGET = 12.1;
				MTL_ENABLE_DEBUG_INFO = INCLUDE_SOURCE;
				MTL_FAST_MATH = YES;
				ONLY_ACTIVE_ARCH = YES;
				SDKROOT = iphoneos;
				SWIFT_ACTIVE_COMPILATION_CONDITIONS = DEBUG;
				SWIFT_OPTIMIZATION_LEVEL = "-Onone";
			};
			name = Debug;
		};
		2FA098292235B769003FADE8 /* Release */ = {
			isa = XCBuildConfiguration;
			buildSettings = {
				ALWAYS_SEARCH_USER_PATHS = NO;
				CLANG_ANALYZER_NONNULL = YES;
				CLANG_ANALYZER_NUMBER_OBJECT_CONVERSION = YES_AGGRESSIVE;
				CLANG_CXX_LANGUAGE_STANDARD = "gnu++14";
				CLANG_CXX_LIBRARY = "libc++";
				CLANG_ENABLE_MODULES = YES;
				CLANG_ENABLE_OBJC_ARC = YES;
				CLANG_ENABLE_OBJC_WEAK = YES;
				CLANG_WARN_BLOCK_CAPTURE_AUTORELEASING = YES;
				CLANG_WARN_BOOL_CONVERSION = YES;
				CLANG_WARN_COMMA = YES;
				CLANG_WARN_CONSTANT_CONVERSION = YES;
				CLANG_WARN_DEPRECATED_OBJC_IMPLEMENTATIONS = YES;
				CLANG_WARN_DIRECT_OBJC_ISA_USAGE = YES_ERROR;
				CLANG_WARN_DOCUMENTATION_COMMENTS = YES;
				CLANG_WARN_EMPTY_BODY = YES;
				CLANG_WARN_ENUM_CONVERSION = YES;
				CLANG_WARN_INFINITE_RECURSION = YES;
				CLANG_WARN_INT_CONVERSION = YES;
				CLANG_WARN_NON_LITERAL_NULL_CONVERSION = YES;
				CLANG_WARN_OBJC_IMPLICIT_RETAIN_SELF = YES;
				CLANG_WARN_OBJC_LITERAL_CONVERSION = YES;
				CLANG_WARN_OBJC_ROOT_CLASS = YES_ERROR;
				CLANG_WARN_RANGE_LOOP_ANALYSIS = YES;
				CLANG_WARN_STRICT_PROTOTYPES = YES;
				CLANG_WARN_SUSPICIOUS_MOVE = YES;
				CLANG_WARN_UNGUARDED_AVAILABILITY = YES_AGGRESSIVE;
				CLANG_WARN_UNREACHABLE_CODE = YES;
				CLANG_WARN__DUPLICATE_METHOD_MATCH = YES;
				CODE_SIGN_IDENTITY = "iPhone Developer";
				COPY_PHASE_STRIP = NO;
				DEBUG_INFORMATION_FORMAT = "dwarf-with-dsym";
				ENABLE_NS_ASSERTIONS = NO;
				ENABLE_STRICT_OBJC_MSGSEND = YES;
				GCC_C_LANGUAGE_STANDARD = gnu11;
				GCC_NO_COMMON_BLOCKS = YES;
				GCC_WARN_64_TO_32_BIT_CONVERSION = YES;
				GCC_WARN_ABOUT_RETURN_TYPE = YES_ERROR;
				GCC_WARN_UNDECLARED_SELECTOR = YES;
				GCC_WARN_UNINITIALIZED_AUTOS = YES_AGGRESSIVE;
				GCC_WARN_UNUSED_FUNCTION = YES;
				GCC_WARN_UNUSED_VARIABLE = YES;
				IPHONEOS_DEPLOYMENT_TARGET = 12.1;
				MTL_ENABLE_DEBUG_INFO = NO;
				MTL_FAST_MATH = YES;
				SDKROOT = iphoneos;
				SWIFT_COMPILATION_MODE = wholemodule;
				SWIFT_OPTIMIZATION_LEVEL = "-O";
				VALIDATE_PRODUCT = YES;
			};
			name = Release;
		};
		2FA0982B2235B769003FADE8 /* Debug */ = {
			isa = XCBuildConfiguration;
			buildSettings = {
				ASSETCATALOG_COMPILER_APPICON_NAME = AppIcon;
				CODE_SIGN_STYLE = Automatic;
				DEVELOPMENT_TEAM = SPB456PD5M;
				INFOPLIST_FILE = MarioKart/Info.plist;
				IPHONEOS_DEPLOYMENT_TARGET = 11.0;
				LD_RUNPATH_SEARCH_PATHS = (
					"$(inherited)",
					"@executable_path/Frameworks",
				);
				PRODUCT_BUNDLE_IDENTIFIER = caitlynchau.MarioKart;
				PRODUCT_NAME = "$(TARGET_NAME)";
				SWIFT_VERSION = 4.2;
				TARGETED_DEVICE_FAMILY = "1,2";
			};
			name = Debug;
		};
		2FA0982C2235B769003FADE8 /* Release */ = {
			isa = XCBuildConfiguration;
			buildSettings = {
				ASSETCATALOG_COMPILER_APPICON_NAME = AppIcon;
				CODE_SIGN_STYLE = Automatic;
				DEVELOPMENT_TEAM = SPB456PD5M;
				INFOPLIST_FILE = MarioKart/Info.plist;
				IPHONEOS_DEPLOYMENT_TARGET = 11.0;
				LD_RUNPATH_SEARCH_PATHS = (
					"$(inherited)",
					"@executable_path/Frameworks",
				);
				PRODUCT_BUNDLE_IDENTIFIER = caitlynchau.MarioKart;
				PRODUCT_NAME = "$(TARGET_NAME)";
				SWIFT_VERSION = 4.2;
				TARGETED_DEVICE_FAMILY = "1,2";
			};
			name = Release;
		};
		2FA0982E2235B769003FADE8 /* Debug */ = {
			isa = XCBuildConfiguration;
			buildSettings = {
				ALWAYS_EMBED_SWIFT_STANDARD_LIBRARIES = YES;
				BUNDLE_LOADER = "$(TEST_HOST)";
				CODE_SIGN_STYLE = Automatic;
				INFOPLIST_FILE = MarioKartTests/Info.plist;
				LD_RUNPATH_SEARCH_PATHS = (
					"$(inherited)",
					"@executable_path/Frameworks",
					"@loader_path/Frameworks",
				);
				PRODUCT_BUNDLE_IDENTIFIER = caitlynchau.MarioKartTests;
				PRODUCT_NAME = "$(TARGET_NAME)";
				SWIFT_VERSION = 4.2;
				TARGETED_DEVICE_FAMILY = "1,2";
				TEST_HOST = "$(BUILT_PRODUCTS_DIR)/MarioKart.app/MarioKart";
			};
			name = Debug;
		};
		2FA0982F2235B769003FADE8 /* Release */ = {
			isa = XCBuildConfiguration;
			buildSettings = {
				ALWAYS_EMBED_SWIFT_STANDARD_LIBRARIES = YES;
				BUNDLE_LOADER = "$(TEST_HOST)";
				CODE_SIGN_STYLE = Automatic;
				INFOPLIST_FILE = MarioKartTests/Info.plist;
				LD_RUNPATH_SEARCH_PATHS = (
					"$(inherited)",
					"@executable_path/Frameworks",
					"@loader_path/Frameworks",
				);
				PRODUCT_BUNDLE_IDENTIFIER = caitlynchau.MarioKartTests;
				PRODUCT_NAME = "$(TARGET_NAME)";
				SWIFT_VERSION = 4.2;
				TARGETED_DEVICE_FAMILY = "1,2";
				TEST_HOST = "$(BUILT_PRODUCTS_DIR)/MarioKart.app/MarioKart";
			};
			name = Release;
		};
		2FA098312235B769003FADE8 /* Debug */ = {
			isa = XCBuildConfiguration;
			buildSettings = {
				ALWAYS_EMBED_SWIFT_STANDARD_LIBRARIES = YES;
				CODE_SIGN_STYLE = Automatic;
				INFOPLIST_FILE = MarioKartUITests/Info.plist;
				LD_RUNPATH_SEARCH_PATHS = (
					"$(inherited)",
					"@executable_path/Frameworks",
					"@loader_path/Frameworks",
				);
				PRODUCT_BUNDLE_IDENTIFIER = caitlynchau.MarioKartUITests;
				PRODUCT_NAME = "$(TARGET_NAME)";
				SWIFT_VERSION = 4.2;
				TARGETED_DEVICE_FAMILY = "1,2";
				TEST_TARGET_NAME = MarioKart;
			};
			name = Debug;
		};
		2FA098322235B769003FADE8 /* Release */ = {
			isa = XCBuildConfiguration;
			buildSettings = {
				ALWAYS_EMBED_SWIFT_STANDARD_LIBRARIES = YES;
				CODE_SIGN_STYLE = Automatic;
				INFOPLIST_FILE = MarioKartUITests/Info.plist;
				LD_RUNPATH_SEARCH_PATHS = (
					"$(inherited)",
					"@executable_path/Frameworks",
					"@loader_path/Frameworks",
				);
				PRODUCT_BUNDLE_IDENTIFIER = caitlynchau.MarioKartUITests;
				PRODUCT_NAME = "$(TARGET_NAME)";
				SWIFT_VERSION = 4.2;
				TARGETED_DEVICE_FAMILY = "1,2";
				TEST_TARGET_NAME = MarioKart;
			};
			name = Release;
		};
/* End XCBuildConfiguration section */

/* Begin XCConfigurationList section */
		2FA097FD2235B766003FADE8 /* Build configuration list for PBXProject "MarioKart" */ = {
			isa = XCConfigurationList;
			buildConfigurations = (
				2FA098282235B769003FADE8 /* Debug */,
				2FA098292235B769003FADE8 /* Release */,
			);
			defaultConfigurationIsVisible = 0;
			defaultConfigurationName = Release;
		};
		2FA0982A2235B769003FADE8 /* Build configuration list for PBXNativeTarget "MarioKart" */ = {
			isa = XCConfigurationList;
			buildConfigurations = (
				2FA0982B2235B769003FADE8 /* Debug */,
				2FA0982C2235B769003FADE8 /* Release */,
			);
			defaultConfigurationIsVisible = 0;
			defaultConfigurationName = Release;
		};
		2FA0982D2235B769003FADE8 /* Build configuration list for PBXNativeTarget "MarioKartTests" */ = {
			isa = XCConfigurationList;
			buildConfigurations = (
				2FA0982E2235B769003FADE8 /* Debug */,
				2FA0982F2235B769003FADE8 /* Release */,
			);
			defaultConfigurationIsVisible = 0;
			defaultConfigurationName = Release;
		};
		2FA098302235B769003FADE8 /* Build configuration list for PBXNativeTarget "MarioKartUITests" */ = {
			isa = XCConfigurationList;
			buildConfigurations = (
				2FA098312235B769003FADE8 /* Debug */,
				2FA098322235B769003FADE8 /* Release */,
			);
			defaultConfigurationIsVisible = 0;
			defaultConfigurationName = Release;
		};
/* End XCConfigurationList section */
	};
	rootObject = 2FA097FA2235B766003FADE8 /* Project object */;
}
